
Microsoft Visual Studio Solution File, Format Version 11.00
# Visual C++ Express 2010
Project("{8BC9CEB8-8B4A-11D0-8D11-00A0C91BC942}") = "推箱子", "推箱子.vcxproj", "{BD50B2AB-24CE-44EF-9149-5C09AFBE1533}"
EndProject
Global
	GlobalSection(SolutionConfigurationPlatforms) = preSolution
		Debug|Win32 = Debug|Win32
		Release|Win32 = Release|Win32
	EndGlobalSection
	GlobalSection(ProjectConfigurationPlatforms) = postSolution
		{BD50B2AB-24CE-44EF-9149-5C09AFBE1533}.Debug|Win32.ActiveCfg = Debug|Win32
		{BD50B2AB-24CE-44EF-9149-5C09AFBE1533}.Debug|Win32.Build.0 = Debug|Win32
		{BD50B2AB-24CE-44EF-9149-5C09AFBE1533}.Release|Win32.ActiveCfg = Release|Win32
		{BD50B2AB-24CE-44EF-9149-5C09AFBE1533}.Release|Win32.Build.0 = Release|Win32
	EndGlobalSection
	GlobalSection(SolutionProperties) = preSolution
		HideSolutionNode = FALSE
	EndGlobalSection
EndGlobal
